{
  "nodes": {
    "devshell": {
      "inputs": {
        "nixpkgs": [
          "nixpkgs"
        ],
        "systems": "systems"
      },
      "locked": {
        "lastModified": 1683635384,
        "narHash": "sha256-9goJTd05yOyD/McaMqZ4BUB8JW+mZMnZQJZ7VQ6C/Lw=",
        "owner": "numtide",
        "repo": "devshell",
        "rev": "5143ea68647c4cf5227e4ad2100db6671fc4c369",
        "type": "github"
      },
      "original": {
        "owner": "numtide",
        "repo": "devshell",
        "type": "github"
      }
    },
    "flake-parts": {
      "inputs": {
        "nixpkgs-lib": [
          "nixpkgs"
        ]
      },
      "locked": {
        "lastModified": 1683560683,
        "narHash": "sha256-XAygPMN5Xnk/W2c1aW0jyEa6lfMDZWlQgiNtmHXytPc=",
        "owner": "hercules-ci",
        "repo": "flake-parts",
        "rev": "006c75898cf814ef9497252b022e91c946ba8e17",
        "type": "github"
      },
      "original": {
        "owner": "hercules-ci",
        "repo": "flake-parts",
        "type": "github"
      }
    },
    "flake-root": {
      "locked": {
        "lastModified": 1680964220,
        "narHash": "sha256-dIdTYcf+KW9a4pKHsEbddvLVSfR1yiAJynzg2x0nfWg=",
        "owner": "srid",
        "repo": "flake-root",
        "rev": "f1c0b93d05bdbea6c011136ba1a135c80c5b326c",
        "type": "github"
      },
      "original": {
        "owner": "srid",
        "repo": "flake-root",
        "type": "github"
      }
    },
    "home-manager": {
      "inputs": {
        "nixpkgs": "nixpkgs"
      },
      "locked": {
        "lastModified": 1685189510,
        "narHash": "sha256-Hq5WF7zIixojPgvhgcd6MBvywwycVZ9wpK/8ogOyoaA=",
        "owner": "nix-community",
        "repo": "home-manager",
        "rev": "2d963854ae2499193c0c72fd67435fee34d3e4fd",
        "type": "github"
      },
      "original": {
        "owner": "nix-community",
        "repo": "home-manager",
        "type": "github"
      }
    },
    "nixpkgs": {
      "locked": {
        "lastModified": 1684570954,
        "narHash": "sha256-FX5y4Sm87RWwfu9PI71XFvuRpZLowh00FQpIJ1WfXqE=",
        "owner": "nixos",
        "repo": "nixpkgs",
        "rev": "3005f20ce0aaa58169cdee57c8aa12e5f1b6e1b3",
        "type": "github"
      },
      "original": {
        "owner": "nixos",
        "ref": "nixos-unstable",
        "repo": "nixpkgs",
        "type": "github"
      }
    },
    "nixpkgs-flood": {
      "locked": {
        "lastModified": 1701810456,
        "narHash": "sha256-jOl3DMrDgJYZeE/w5p7zQe+Ift7R307mXG/tyhH8WHE=",
        "owner": "3JlOy-PYCCKUi",
        "repo": "nixpkgs",
        "rev": "aff5b3aa1a95876fd426ab024d68ab2d87b0ebbd",
        "type": "github"
      },
      "original": {
        "owner": "3JlOy-PYCCKUi",
        "ref": "flood-module",
        "repo": "nixpkgs",
        "type": "github"
      }
    },
    "nixpkgs_2": {
      "locked": {
        "lastModified": 1707907779,
        "narHash": "sha256-dtktfFJn+36yBkZ1mnQGdiDsqnzC9pXt/Ecpsui0hiY=",
        "owner": "nixos",
        "repo": "nixpkgs",
        "rev": "c5e9528855e4e6feda2b16dec28de880ce774b93",
        "type": "github"
      },
      "original": {
        "owner": "nixos",
        "ref": "nixpkgs-unstable",
        "repo": "nixpkgs",
        "type": "github"
      }
    },
    "root": {
      "inputs": {
        "devshell": "devshell",
        "flake-parts": "flake-parts",
        "flake-root": "flake-root",
        "home-manager": "home-manager",
        "nixpkgs": "nixpkgs_2",
        "nixpkgs-flood": "nixpkgs-flood",
        "treefmt-nix": "treefmt-nix"
      }
    },
    "systems": {
      "locked": {
        "lastModified": 1681028828,
        "narHash": "sha256-Vy1rq5AaRuLzOxct8nz4T6wlgyUR7zLU309k9mBC768=",
        "owner": "nix-systems",
        "repo": "default",
        "rev": "da67096a3b9bf56a91d16901293e51ba5b49a27e",
        "type": "github"
      },
      "original": {
        "owner": "nix-systems",
        "repo": "default",
        "type": "github"
      }
    },
    "treefmt-nix": {
      "inputs": {
        "nixpkgs": [
          "nixpkgs"
        ]
      },
      "locked": {
        "lastModified": 1684751370,
        "narHash": "sha256-kgeynoy//2NIHgIjssco21UdUgRXr4Gdczt8/JwkJnU=",
        "owner": "numtide",
        "repo": "treefmt-nix",
        "rev": "4e92552731aca44ece86731ec4c7848a2c46aa67",
        "type": "github"
      },
      "original": {
        "owner": "numtide",
        "repo": "treefmt-nix",
        "type": "github"
      }
    }
  },
  "root": "root",
  "version": 7
}
